// !$*UTF8*$!
{
	archiveVersion = 1;
	classes = {
	};
	objectVersion = 50;
	objects = {

/* Begin PBXBuildFile section */
		493E7FE62530ED2A00678905 /* MovieViewController.swift in Sources */ = {isa = PBXBuildFile; fileRef = 493E7FE52530ED2A00678905 /* MovieViewController.swift */; };
		493E7FEA2530F1A100678905 /* MovieTableCell.swift in Sources */ = {isa = PBXBuildFile; fileRef = 493E7FE82530F1A100678905 /* MovieTableCell.swift */; };
		493E7FEB2530F1A100678905 /* MovieTableCell.xib in Resources */ = {isa = PBXBuildFile; fileRef = 493E7FE92530F1A100678905 /* MovieTableCell.xib */; };
		493E7FEE2530F32500678905 /* CardView.swift in Sources */ = {isa = PBXBuildFile; fileRef = 493E7FED2530F32500678905 /* CardView.swift */; };
		493E7FF02530FF7F00678905 /* RequestProtocol.swift in Sources */ = {isa = PBXBuildFile; fileRef = 493E7FEF2530FF7F00678905 /* RequestProtocol.swift */; };
		493E7FF22530FFA400678905 /* BMSError.swift in Sources */ = {isa = PBXBuildFile; fileRef = 493E7FF12530FFA400678905 /* BMSError.swift */; };
		493E7FF42530FFED00678905 /* ServerError.swift in Sources */ = {isa = PBXBuildFile; fileRef = 493E7FF32530FFED00678905 /* ServerError.swift */; };
		493E7FF62531000A00678905 /* NetworkManager.swift in Sources */ = {isa = PBXBuildFile; fileRef = 493E7FF52531000A00678905 /* NetworkManager.swift */; };
		493E7FF82531003700678905 /* Constants.swift in Sources */ = {isa = PBXBuildFile; fileRef = 493E7FF72531003700678905 /* Constants.swift */; };
		493E7FFB2531006600678905 /* Extensions.swift in Sources */ = {isa = PBXBuildFile; fileRef = 493E7FFA2531006600678905 /* Extensions.swift */; };
		493E7FFE253101D800678905 /* MovieListingAPI.swift in Sources */ = {isa = PBXBuildFile; fileRef = 493E7FFD253101D800678905 /* MovieListingAPI.swift */; };
		493E800225310E2F00678905 /* MovieViewModel.swift in Sources */ = {isa = PBXBuildFile; fileRef = 493E800125310E2F00678905 /* MovieViewModel.swift */; };
		493E800425310FA000678905 /* MoviesModel.swift in Sources */ = {isa = PBXBuildFile; fileRef = 493E800325310FA000678905 /* MoviesModel.swift */; };
		493E800625311C2100678905 /* ParameterEncoder.swift in Sources */ = {isa = PBXBuildFile; fileRef = 493E800525311C2100678905 /* ParameterEncoder.swift */; };
		493E800925311FA900678905 /* ImageCache.swift in Sources */ = {isa = PBXBuildFile; fileRef = 493E800825311FA900678905 /* ImageCache.swift */; };
		493E800B2531214200678905 /* MovieCellViewModel.swift in Sources */ = {isa = PBXBuildFile; fileRef = 493E800A2531214200678905 /* MovieCellViewModel.swift */; };
		493E800D25313E3B00678905 /* Color.xcassets in Resources */ = {isa = PBXBuildFile; fileRef = 493E800C25313E3B00678905 /* Color.xcassets */; };
		493E800F25314B9B00678905 /* GenreModel.swift in Sources */ = {isa = PBXBuildFile; fileRef = 493E800E25314B9B00678905 /* GenreModel.swift */; };
		493E80112531B78C00678905 /* MovieDetailViewController.swift in Sources */ = {isa = PBXBuildFile; fileRef = 493E80102531B78C00678905 /* MovieDetailViewController.swift */; };
		493E80162531C4D700678905 /* MovieDetailCell.swift in Sources */ = {isa = PBXBuildFile; fileRef = 493E80142531C4D700678905 /* MovieDetailCell.swift */; };
		493E80172531C4D700678905 /* MovieDetailCell.xib in Resources */ = {isa = PBXBuildFile; fileRef = 493E80152531C4D700678905 /* MovieDetailCell.xib */; };
		493E80192531E36100678905 /* MovieDetailViewModel.swift in Sources */ = {isa = PBXBuildFile; fileRef = 493E80182531E36100678905 /* MovieDetailViewModel.swift */; };
		493E801B2531FF8200678905 /* MovieDetailedModel.swift in Sources */ = {isa = PBXBuildFile; fileRef = 493E801A2531FF8200678905 /* MovieDetailedModel.swift */; };
		493E801D25320EE700678905 /* MovieDetailCellViewModel.swift in Sources */ = {isa = PBXBuildFile; fileRef = 493E801C25320EE700678905 /* MovieDetailCellViewModel.swift */; };
		493E802225321CA100678905 /* CastCrewTableCell.swift in Sources */ = {isa = PBXBuildFile; fileRef = 493E802025321CA100678905 /* CastCrewTableCell.swift */; };
		493E802325321CA100678905 /* CastCrewTableCell.xib in Resources */ = {isa = PBXBuildFile; fileRef = 493E802125321CA100678905 /* CastCrewTableCell.xib */; };
		493E802725321EB900678905 /* ProfileCell.swift in Sources */ = {isa = PBXBuildFile; fileRef = 493E802525321EB900678905 /* ProfileCell.swift */; };
		493E802825321EB900678905 /* ProfileCell.xib in Resources */ = {isa = PBXBuildFile; fileRef = 493E802625321EB900678905 /* ProfileCell.xib */; };
		493E802A253221FD00678905 /* CreditsModel.swift in Sources */ = {isa = PBXBuildFile; fileRef = 493E8029253221FD00678905 /* CreditsModel.swift */; };
		493E802E2532329200678905 /* ProfileCellViewModel.swift in Sources */ = {isa = PBXBuildFile; fileRef = 493E802D2532329200678905 /* ProfileCellViewModel.swift */; };
		493E803125324E0400678905 /* SimilarMovieTableCell.swift in Sources */ = {isa = PBXBuildFile; fileRef = 493E802F25324E0400678905 /* SimilarMovieTableCell.swift */; };
		493E803225324E0400678905 /* SimilarMovieTableCell.xib in Resources */ = {isa = PBXBuildFile; fileRef = 493E803025324E0400678905 /* SimilarMovieTableCell.xib */; };
		493E80362532546800678905 /* SimilarMovieCollectionCell.swift in Sources */ = {isa = PBXBuildFile; fileRef = 493E80342532546800678905 /* SimilarMovieCollectionCell.swift */; };
		493E80372532546800678905 /* SimilarMovieCollectionCell.xib in Resources */ = {isa = PBXBuildFile; fileRef = 493E80352532546800678905 /* SimilarMovieCollectionCell.xib */; };
		493E803D2532573200678905 /* CastCrewCellViewModel.swift in Sources */ = {isa = PBXBuildFile; fileRef = 493E803C2532573200678905 /* CastCrewCellViewModel.swift */; };
		493E803F2532583700678905 /* SimilarTableCellViewModel.swift in Sources */ = {isa = PBXBuildFile; fileRef = 493E803E2532583700678905 /* SimilarTableCellViewModel.swift */; };
		4976BC222530AB1000DDB821 /* AppDelegate.swift in Sources */ = {isa = PBXBuildFile; fileRef = 4976BC212530AB1000DDB821 /* AppDelegate.swift */; };
		4976BC242530AB1000DDB821 /* SceneDelegate.swift in Sources */ = {isa = PBXBuildFile; fileRef = 4976BC232530AB1000DDB821 /* SceneDelegate.swift */; };
		4976BC292530AB1000DDB821 /* Main.storyboard in Resources */ = {isa = PBXBuildFile; fileRef = 4976BC272530AB1000DDB821 /* Main.storyboard */; };
		4976BC2B2530AB1200DDB821 /* Assets.xcassets in Resources */ = {isa = PBXBuildFile; fileRef = 4976BC2A2530AB1200DDB821 /* Assets.xcassets */; };
		4976BC2E2530AB1200DDB821 /* LaunchScreen.storyboard in Resources */ = {isa = PBXBuildFile; fileRef = 4976BC2C2530AB1200DDB821 /* LaunchScreen.storyboard */; };
		4976BC392530AB1200DDB821 /* BookMyShowTests.swift in Sources */ = {isa = PBXBuildFile; fileRef = 4976BC382530AB1200DDB821 /* BookMyShowTests.swift */; };
/* End PBXBuildFile section */

/* Begin PBXContainerItemProxy section */
		4976BC352530AB1200DDB821 /* PBXContainerItemProxy */ = {
			isa = PBXContainerItemProxy;
			containerPortal = 4976BC162530AB1000DDB821 /* Project object */;
			proxyType = 1;
			remoteGlobalIDString = 4976BC1D2530AB1000DDB821;
			remoteInfo = BookMyShow;
		};
/* End PBXContainerItemProxy section */

/* Begin PBXFileReference section */
		493E7FE52530ED2A00678905 /* MovieViewController.swift */ = {isa = PBXFileReference; lastKnownFileType = sourcecode.swift; path = MovieViewController.swift; sourceTree = "<group>"; };
		493E7FE82530F1A100678905 /* MovieTableCell.swift */ = {isa = PBXFileReference; lastKnownFileType = sourcecode.swift; path = MovieTableCell.swift; sourceTree = "<group>"; };
		493E7FE92530F1A100678905 /* MovieTableCell.xib */ = {isa = PBXFileReference; lastKnownFileType = file.xib; path = MovieTableCell.xib; sourceTree = "<group>"; };
		493E7FED2530F32500678905 /* CardView.swift */ = {isa = PBXFileReference; lastKnownFileType = sourcecode.swift; path = CardView.swift; sourceTree = "<group>"; };
		493E7FEF2530FF7F00678905 /* RequestProtocol.swift */ = {isa = PBXFileReference; lastKnownFileType = sourcecode.swift; path = RequestProtocol.swift; sourceTree = "<group>"; };
		493E7FF12530FFA400678905 /* BMSError.swift */ = {isa = PBXFileReference; lastKnownFileType = sourcecode.swift; path = BMSError.swift; sourceTree = "<group>"; };
		493E7FF32530FFED00678905 /* ServerError.swift */ = {isa = PBXFileReference; lastKnownFileType = sourcecode.swift; path = ServerError.swift; sourceTree = "<group>"; };
		493E7FF52531000A00678905 /* NetworkManager.swift */ = {isa = PBXFileReference; lastKnownFileType = sourcecode.swift; path = NetworkManager.swift; sourceTree = "<group>"; };
		493E7FF72531003700678905 /* Constants.swift */ = {isa = PBXFileReference; lastKnownFileType = sourcecode.swift; path = Constants.swift; sourceTree = "<group>"; };
		493E7FFA2531006600678905 /* Extensions.swift */ = {isa = PBXFileReference; lastKnownFileType = sourcecode.swift; path = Extensions.swift; sourceTree = "<group>"; };
		493E7FFD253101D800678905 /* MovieListingAPI.swift */ = {isa = PBXFileReference; lastKnownFileType = sourcecode.swift; path = MovieListingAPI.swift; sourceTree = "<group>"; };
		493E800125310E2F00678905 /* MovieViewModel.swift */ = {isa = PBXFileReference; lastKnownFileType = sourcecode.swift; path = MovieViewModel.swift; sourceTree = "<group>"; };
		493E800325310FA000678905 /* MoviesModel.swift */ = {isa = PBXFileReference; lastKnownFileType = sourcecode.swift; path = MoviesModel.swift; sourceTree = "<group>"; };
		493E800525311C2100678905 /* ParameterEncoder.swift */ = {isa = PBXFileReference; lastKnownFileType = sourcecode.swift; path = ParameterEncoder.swift; sourceTree = "<group>"; };
		493E800825311FA900678905 /* ImageCache.swift */ = {isa = PBXFileReference; lastKnownFileType = sourcecode.swift; path = ImageCache.swift; sourceTree = "<group>"; };
		493E800A2531214200678905 /* MovieCellViewModel.swift */ = {isa = PBXFileReference; lastKnownFileType = sourcecode.swift; path = MovieCellViewModel.swift; sourceTree = "<group>"; };
		493E800C25313E3B00678905 /* Color.xcassets */ = {isa = PBXFileReference; lastKnownFileType = folder.assetcatalog; path = Color.xcassets; sourceTree = "<group>"; };
		493E800E25314B9B00678905 /* GenreModel.swift */ = {isa = PBXFileReference; lastKnownFileType = sourcecode.swift; path = GenreModel.swift; sourceTree = "<group>"; };
		493E80102531B78C00678905 /* MovieDetailViewController.swift */ = {isa = PBXFileReference; lastKnownFileType = sourcecode.swift; path = MovieDetailViewController.swift; sourceTree = "<group>"; };
		493E80142531C4D700678905 /* MovieDetailCell.swift */ = {isa = PBXFileReference; lastKnownFileType = sourcecode.swift; path = MovieDetailCell.swift; sourceTree = "<group>"; };
		493E80152531C4D700678905 /* MovieDetailCell.xib */ = {isa = PBXFileReference; lastKnownFileType = file.xib; path = MovieDetailCell.xib; sourceTree = "<group>"; };
		493E80182531E36100678905 /* MovieDetailViewModel.swift */ = {isa = PBXFileReference; lastKnownFileType = sourcecode.swift; path = MovieDetailViewModel.swift; sourceTree = "<group>"; };
		493E801A2531FF8200678905 /* MovieDetailedModel.swift */ = {isa = PBXFileReference; lastKnownFileType = sourcecode.swift; path = MovieDetailedModel.swift; sourceTree = "<group>"; };
		493E801C25320EE700678905 /* MovieDetailCellViewModel.swift */ = {isa = PBXFileReference; lastKnownFileType = sourcecode.swift; path = MovieDetailCellViewModel.swift; sourceTree = "<group>"; };
		493E802025321CA100678905 /* CastCrewTableCell.swift */ = {isa = PBXFileReference; lastKnownFileType = sourcecode.swift; path = CastCrewTableCell.swift; sourceTree = "<group>"; };
		493E802125321CA100678905 /* CastCrewTableCell.xib */ = {isa = PBXFileReference; lastKnownFileType = file.xib; path = CastCrewTableCell.xib; sourceTree = "<group>"; };
		493E802525321EB900678905 /* ProfileCell.swift */ = {isa = PBXFileReference; lastKnownFileType = sourcecode.swift; path = ProfileCell.swift; sourceTree = "<group>"; };
		493E802625321EB900678905 /* ProfileCell.xib */ = {isa = PBXFileReference; lastKnownFileType = file.xib; path = ProfileCell.xib; sourceTree = "<group>"; };
		493E8029253221FD00678905 /* CreditsModel.swift */ = {isa = PBXFileReference; lastKnownFileType = sourcecode.swift; path = CreditsModel.swift; sourceTree = "<group>"; };
		493E802D2532329200678905 /* ProfileCellViewModel.swift */ = {isa = PBXFileReference; lastKnownFileType = sourcecode.swift; path = ProfileCellViewModel.swift; sourceTree = "<group>"; };
		493E802F25324E0400678905 /* SimilarMovieTableCell.swift */ = {isa = PBXFileReference; lastKnownFileType = sourcecode.swift; path = SimilarMovieTableCell.swift; sourceTree = "<group>"; };
		493E803025324E0400678905 /* SimilarMovieTableCell.xib */ = {isa = PBXFileReference; lastKnownFileType = file.xib; path = SimilarMovieTableCell.xib; sourceTree = "<group>"; };
		493E80342532546800678905 /* SimilarMovieCollectionCell.swift */ = {isa = PBXFileReference; lastKnownFileType = sourcecode.swift; path = SimilarMovieCollectionCell.swift; sourceTree = "<group>"; };
		493E80352532546800678905 /* SimilarMovieCollectionCell.xib */ = {isa = PBXFileReference; lastKnownFileType = file.xib; path = SimilarMovieCollectionCell.xib; sourceTree = "<group>"; };
		493E803C2532573200678905 /* CastCrewCellViewModel.swift */ = {isa = PBXFileReference; fileEncoding = 4; lastKnownFileType = sourcecode.swift; path = CastCrewCellViewModel.swift; sourceTree = "<group>"; };
		493E803E2532583700678905 /* SimilarTableCellViewModel.swift */ = {isa = PBXFileReference; lastKnownFileType = sourcecode.swift; path = SimilarTableCellViewModel.swift; sourceTree = "<group>"; };
		4976BC1E2530AB1000DDB821 /* BookMyShow.app */ = {isa = PBXFileReference; explicitFileType = wrapper.application; includeInIndex = 0; path = BookMyShow.app; sourceTree = BUILT_PRODUCTS_DIR; };
		4976BC212530AB1000DDB821 /* AppDelegate.swift */ = {isa = PBXFileReference; lastKnownFileType = sourcecode.swift; path = AppDelegate.swift; sourceTree = "<group>"; };
		4976BC232530AB1000DDB821 /* SceneDelegate.swift */ = {isa = PBXFileReference; lastKnownFileType = sourcecode.swift; path = SceneDelegate.swift; sourceTree = "<group>"; };
		4976BC282530AB1000DDB821 /* Base */ = {isa = PBXFileReference; lastKnownFileType = file.storyboard; name = Base; path = Base.lproj/Main.storyboard; sourceTree = "<group>"; };
		4976BC2A2530AB1200DDB821 /* Assets.xcassets */ = {isa = PBXFileReference; lastKnownFileType = folder.assetcatalog; path = Assets.xcassets; sourceTree = "<group>"; };
		4976BC2D2530AB1200DDB821 /* Base */ = {isa = PBXFileReference; lastKnownFileType = file.storyboard; name = Base; path = Base.lproj/LaunchScreen.storyboard; sourceTree = "<group>"; };
		4976BC2F2530AB1200DDB821 /* Info.plist */ = {isa = PBXFileReference; lastKnownFileType = text.plist.xml; path = Info.plist; sourceTree = "<group>"; };
		4976BC342530AB1200DDB821 /* BookMyShowTests.xctest */ = {isa = PBXFileReference; explicitFileType = wrapper.cfbundle; includeInIndex = 0; path = BookMyShowTests.xctest; sourceTree = BUILT_PRODUCTS_DIR; };
		4976BC382530AB1200DDB821 /* BookMyShowTests.swift */ = {isa = PBXFileReference; lastKnownFileType = sourcecode.swift; path = BookMyShowTests.swift; sourceTree = "<group>"; };
		4976BC3A2530AB1200DDB821 /* Info.plist */ = {isa = PBXFileReference; lastKnownFileType = text.plist.xml; path = Info.plist; sourceTree = "<group>"; };
/* End PBXFileReference section */

/* Begin PBXFrameworksBuildPhase section */
		4976BC1B2530AB1000DDB821 /* Frameworks */ = {
			isa = PBXFrameworksBuildPhase;
			buildActionMask = 2147483647;
			files = (
			);
			runOnlyForDeploymentPostprocessing = 0;
		};
		4976BC312530AB1200DDB821 /* Frameworks */ = {
			isa = PBXFrameworksBuildPhase;
			buildActionMask = 2147483647;
			files = (
			);
			runOnlyForDeploymentPostprocessing = 0;
		};
/* End PBXFrameworksBuildPhase section */

/* Begin PBXGroup section */
		493E7FE72530F17000678905 /* TableCell */ = {
			isa = PBXGroup;
			children = (
				493E801F25321C6B00678905 /* CastCrewCell */,
				493E801E25321C5800678905 /* SimilarMoviesCell */,
				493E80132531C2D300678905 /* DetailTableCells */,
				493E80122531C1B400678905 /* MovieTableCell */,
			);
			path = TableCell;
			sourceTree = "<group>";
		};
		493E7FEC2530F2B000678905 /* Custom Classes */ = {
			isa = PBXGroup;
			children = (
				493E7FED2530F32500678905 /* CardView.swift */,
			);
			path = "Custom Classes";
			sourceTree = "<group>";
		};
		493E7FF92531005800678905 /* Extensions */ = {
			isa = PBXGroup;
			children = (
				493E7FFA2531006600678905 /* Extensions.swift */,
			);
			path = Extensions;
			sourceTree = "<group>";
		};
		493E7FFC2531018C00678905 /* EndPoints */ = {
			isa = PBXGroup;
			children = (
				493E7FFF2531069A00678905 /* MovieListing */,
			);
			path = EndPoints;
			sourceTree = "<group>";
		};
		493E7FFF2531069A00678905 /* MovieListing */ = {
			isa = PBXGroup;
			children = (
				493E7FFD253101D800678905 /* MovieListingAPI.swift */,
			);
			path = MovieListing;
			sourceTree = "<group>";
		};
		493E800725311F5000678905 /* CacheStore */ = {
			isa = PBXGroup;
			children = (
				493E800825311FA900678905 /* ImageCache.swift */,
			);
			path = CacheStore;
			sourceTree = "<group>";
		};
		493E80122531C1B400678905 /* MovieTableCell */ = {
			isa = PBXGroup;
			children = (
				493E7FE82530F1A100678905 /* MovieTableCell.swift */,
				493E7FE92530F1A100678905 /* MovieTableCell.xib */,
				493E800A2531214200678905 /* MovieCellViewModel.swift */,
			);
			path = MovieTableCell;
			sourceTree = "<group>";
		};
		493E80132531C2D300678905 /* DetailTableCells */ = {
			isa = PBXGroup;
			children = (
				493E80142531C4D700678905 /* MovieDetailCell.swift */,
				493E80152531C4D700678905 /* MovieDetailCell.xib */,
				493E801C25320EE700678905 /* MovieDetailCellViewModel.swift */,
			);
			path = DetailTableCells;
			sourceTree = "<group>";
		};
		493E801E25321C5800678905 /* SimilarMoviesCell */ = {
			isa = PBXGroup;
			children = (
				493E802F25324E0400678905 /* SimilarMovieTableCell.swift */,
				493E803025324E0400678905 /* SimilarMovieTableCell.xib */,
				493E803E2532583700678905 /* SimilarTableCellViewModel.swift */,
			);
			path = SimilarMoviesCell;
			sourceTree = "<group>";
		};
		493E801F25321C6B00678905 /* CastCrewCell */ = {
			isa = PBXGroup;
			children = (
				493E803C2532573200678905 /* CastCrewCellViewModel.swift */,
				493E802025321CA100678905 /* CastCrewTableCell.swift */,
				493E802125321CA100678905 /* CastCrewTableCell.xib */,
			);
			path = CastCrewCell;
			sourceTree = "<group>";
		};
		493E802425321DBF00678905 /* CollectionCell */ = {
			isa = PBXGroup;
			children = (
				493E80332532544500678905 /* SimilarMovie */,
				493E802525321EB900678905 /* ProfileCell.swift */,
				493E802625321EB900678905 /* ProfileCell.xib */,
				493E802D2532329200678905 /* ProfileCellViewModel.swift */,
			);
			path = CollectionCell;
			sourceTree = "<group>";
		};
		493E80332532544500678905 /* SimilarMovie */ = {
			isa = PBXGroup;
			children = (
				493E80342532546800678905 /* SimilarMovieCollectionCell.swift */,
				493E80352532546800678905 /* SimilarMovieCollectionCell.xib */,
			);
			path = SimilarMovie;
			sourceTree = "<group>";
		};
		4976BC152530AB1000DDB821 = {
			isa = PBXGroup;
			children = (
				4976BC202530AB1000DDB821 /* BookMyShow */,
				4976BC372530AB1200DDB821 /* BookMyShowTests */,
				4976BC1F2530AB1000DDB821 /* Products */,
			);
			sourceTree = "<group>";
		};
		4976BC1F2530AB1000DDB821 /* Products */ = {
			isa = PBXGroup;
			children = (
				4976BC1E2530AB1000DDB821 /* BookMyShow.app */,
				4976BC342530AB1200DDB821 /* BookMyShowTests.xctest */,
			);
			name = Products;
			sourceTree = "<group>";
		};
		4976BC202530AB1000DDB821 /* BookMyShow */ = {
			isa = PBXGroup;
			children = (
				493E7FF92531005800678905 /* Extensions */,
				4976BC472530DCE800DDB821 /* Constants */,
				493E7FEC2530F2B000678905 /* Custom Classes */,
				4976BC432530DCCC00DDB821 /* Network */,
				493E802425321DBF00678905 /* CollectionCell */,
				493E7FE72530F17000678905 /* TableCell */,
				4976BC442530DCD500DDB821 /* Model */,
				4976BC482530DCFB00DDB821 /* View */,
				4976BC452530DCDB00DDB821 /* ViewModel */,
				4976BC462530DCE200DDB821 /* Controller */,
				4976BC212530AB1000DDB821 /* AppDelegate.swift */,
				4976BC232530AB1000DDB821 /* SceneDelegate.swift */,
				4976BC2A2530AB1200DDB821 /* Assets.xcassets */,
				493E800C25313E3B00678905 /* Color.xcassets */,
				4976BC2F2530AB1200DDB821 /* Info.plist */,
			);
			path = BookMyShow;
			sourceTree = "<group>";
		};
		4976BC372530AB1200DDB821 /* BookMyShowTests */ = {
			isa = PBXGroup;
			children = (
				4976BC382530AB1200DDB821 /* BookMyShowTests.swift */,
				4976BC3A2530AB1200DDB821 /* Info.plist */,
			);
			path = BookMyShowTests;
			sourceTree = "<group>";
		};
		4976BC432530DCCC00DDB821 /* Network */ = {
			isa = PBXGroup;
			children = (
				493E800725311F5000678905 /* CacheStore */,
				493E7FFC2531018C00678905 /* EndPoints */,
				493E7FF12530FFA400678905 /* BMSError.swift */,
				493E7FF32530FFED00678905 /* ServerError.swift */,
				493E7FF52531000A00678905 /* NetworkManager.swift */,
				493E7FEF2530FF7F00678905 /* RequestProtocol.swift */,
				493E800525311C2100678905 /* ParameterEncoder.swift */,
			);
			path = Network;
			sourceTree = "<group>";
		};
		4976BC442530DCD500DDB821 /* Model */ = {
			isa = PBXGroup;
			children = (
				493E800325310FA000678905 /* MoviesModel.swift */,
				493E800E25314B9B00678905 /* GenreModel.swift */,
				493E801A2531FF8200678905 /* MovieDetailedModel.swift */,
				493E8029253221FD00678905 /* CreditsModel.swift */,
			);
			path = Model;
			sourceTree = "<group>";
		};
		4976BC452530DCDB00DDB821 /* ViewModel */ = {
			isa = PBXGroup;
			children = (
				493E800125310E2F00678905 /* MovieViewModel.swift */,
				493E80182531E36100678905 /* MovieDetailViewModel.swift */,
			);
			path = ViewModel;
			sourceTree = "<group>";
		};
		4976BC462530DCE200DDB821 /* Controller */ = {
			isa = PBXGroup;
			children = (
				493E7FE52530ED2A00678905 /* MovieViewController.swift */,
				493E80102531B78C00678905 /* MovieDetailViewController.swift */,
			);
			path = Controller;
			sourceTree = "<group>";
		};
		4976BC472530DCE800DDB821 /* Constants */ = {
			isa = PBXGroup;
			children = (
				493E7FF72531003700678905 /* Constants.swift */,
			);
			path = Constants;
			sourceTree = "<group>";
		};
		4976BC482530DCFB00DDB821 /* View */ = {
			isa = PBXGroup;
			children = (
				4976BC272530AB1000DDB821 /* Main.storyboard */,
				4976BC2C2530AB1200DDB821 /* LaunchScreen.storyboard */,
			);
			path = View;
			sourceTree = "<group>";
		};
/* End PBXGroup section */

/* Begin PBXNativeTarget section */
		4976BC1D2530AB1000DDB821 /* BookMyShow */ = {
			isa = PBXNativeTarget;
			buildConfigurationList = 4976BC3D2530AB1200DDB821 /* Build configuration list for PBXNativeTarget "BookMyShow" */;
			buildPhases = (
				4976BC1A2530AB1000DDB821 /* Sources */,
				4976BC1B2530AB1000DDB821 /* Frameworks */,
				4976BC1C2530AB1000DDB821 /* Resources */,
			);
			buildRules = (
			);
			dependencies = (
			);
			name = BookMyShow;
			productName = BookMyShow;
			productReference = 4976BC1E2530AB1000DDB821 /* BookMyShow.app */;
			productType = "com.apple.product-type.application";
		};
		4976BC332530AB1200DDB821 /* BookMyShowTests */ = {
			isa = PBXNativeTarget;
			buildConfigurationList = 4976BC402530AB1200DDB821 /* Build configuration list for PBXNativeTarget "BookMyShowTests" */;
			buildPhases = (
				4976BC302530AB1200DDB821 /* Sources */,
				4976BC312530AB1200DDB821 /* Frameworks */,
				4976BC322530AB1200DDB821 /* Resources */,
			);
			buildRules = (
			);
			dependencies = (
				4976BC362530AB1200DDB821 /* PBXTargetDependency */,
			);
			name = BookMyShowTests;
			productName = BookMyShowTests;
			productReference = 4976BC342530AB1200DDB821 /* BookMyShowTests.xctest */;
			productType = "com.apple.product-type.bundle.unit-test";
		};
/* End PBXNativeTarget section */

/* Begin PBXProject section */
		4976BC162530AB1000DDB821 /* Project object */ = {
			isa = PBXProject;
			attributes = {
				LastSwiftUpdateCheck = 1140;
				LastUpgradeCheck = 1140;
				ORGANIZATIONNAME = Mr.Solanki;
				TargetAttributes = {
					4976BC1D2530AB1000DDB821 = {
						CreatedOnToolsVersion = 11.4.1;
					};
					4976BC332530AB1200DDB821 = {
						CreatedOnToolsVersion = 11.4.1;
						TestTargetID = 4976BC1D2530AB1000DDB821;
					};
				};
			};
			buildConfigurationList = 4976BC192530AB1000DDB821 /* Build configuration list for PBXProject "BookMyShow" */;
			compatibilityVersion = "Xcode 9.3";
			developmentRegion = en;
			hasScannedForEncodings = 0;
			knownRegions = (
				en,
				Base,
			);
			mainGroup = 4976BC152530AB1000DDB821;
			productRefGroup = 4976BC1F2530AB1000DDB821 /* Products */;
			projectDirPath = "";
			projectRoot = "";
			targets = (
				4976BC1D2530AB1000DDB821 /* BookMyShow */,
				4976BC332530AB1200DDB821 /* BookMyShowTests */,
			);
		};
/* End PBXProject section */

/* Begin PBXResourcesBuildPhase section */
		4976BC1C2530AB1000DDB821 /* Resources */ = {
			isa = PBXResourcesBuildPhase;
			buildActionMask = 2147483647;
			files = (
				493E803225324E0400678905 /* SimilarMovieTableCell.xib in Resources */,
				4976BC2E2530AB1200DDB821 /* LaunchScreen.storyboard in Resources */,
				493E802825321EB900678905 /* ProfileCell.xib in Resources */,
				4976BC2B2530AB1200DDB821 /* Assets.xcassets in Resources */,
				493E800D25313E3B00678905 /* Color.xcassets in Resources */,
				493E80172531C4D700678905 /* MovieDetailCell.xib in Resources */,
				493E80372532546800678905 /* SimilarMovieCollectionCell.xib in Resources */,
				4976BC292530AB1000DDB821 /* Main.storyboard in Resources */,
				493E802325321CA100678905 /* CastCrewTableCell.xib in Resources */,
				493E7FEB2530F1A100678905 /* MovieTableCell.xib in Resources */,
			);
			runOnlyForDeploymentPostprocessing = 0;
		};
		4976BC322530AB1200DDB821 /* Resources */ = {
			isa = PBXResourcesBuildPhase;
			buildActionMask = 2147483647;
			files = (
			);
			runOnlyForDeploymentPostprocessing = 0;
		};
/* End PBXResourcesBuildPhase section */

/* Begin PBXSourcesBuildPhase section */
		4976BC1A2530AB1000DDB821 /* Sources */ = {
			isa = PBXSourcesBuildPhase;
			buildActionMask = 2147483647;
			files = (
				493E7FFE253101D800678905 /* MovieListingAPI.swift in Sources */,
				493E7FF62531000A00678905 /* NetworkManager.swift in Sources */,
				493E800925311FA900678905 /* ImageCache.swift in Sources */,
				493E80112531B78C00678905 /* MovieDetailViewController.swift in Sources */,
				493E802A253221FD00678905 /* CreditsModel.swift in Sources */,
				493E800F25314B9B00678905 /* GenreModel.swift in Sources */,
				493E80192531E36100678905 /* MovieDetailViewModel.swift in Sources */,
				4976BC222530AB1000DDB821 /* AppDelegate.swift in Sources */,
				493E803D2532573200678905 /* CastCrewCellViewModel.swift in Sources */,
				493E800625311C2100678905 /* ParameterEncoder.swift in Sources */,
				4976BC242530AB1000DDB821 /* SceneDelegate.swift in Sources */,
				493E802E2532329200678905 /* ProfileCellViewModel.swift in Sources */,
				493E7FE62530ED2A00678905 /* MovieViewController.swift in Sources */,
				493E801B2531FF8200678905 /* MovieDetailedModel.swift in Sources */,
				493E7FF02530FF7F00678905 /* RequestProtocol.swift in Sources */,
				493E7FF82531003700678905 /* Constants.swift in Sources */,
				493E7FEA2530F1A100678905 /* MovieTableCell.swift in Sources */,
				493E802225321CA100678905 /* CastCrewTableCell.swift in Sources */,
				493E803F2532583700678905 /* SimilarTableCellViewModel.swift in Sources */,
				493E803125324E0400678905 /* SimilarMovieTableCell.swift in Sources */,
				493E801D25320EE700678905 /* MovieDetailCellViewModel.swift in Sources */,
				493E7FF42530FFED00678905 /* ServerError.swift in Sources */,
				493E7FF22530FFA400678905 /* BMSError.swift in Sources */,
				493E800425310FA000678905 /* MoviesModel.swift in Sources */,
				493E802725321EB900678905 /* ProfileCell.swift in Sources */,
				493E80362532546800678905 /* SimilarMovieCollectionCell.swift in Sources */,
				493E80162531C4D700678905 /* MovieDetailCell.swift in Sources */,
				493E800B2531214200678905 /* MovieCellViewModel.swift in Sources */,
				493E800225310E2F00678905 /* MovieViewModel.swift in Sources */,
				493E7FFB2531006600678905 /* Extensions.swift in Sources */,
				493E7FEE2530F32500678905 /* CardView.swift in Sources */,
			);
			runOnlyForDeploymentPostprocessing = 0;
		};
		4976BC302530AB1200DDB821 /* Sources */ = {
			isa = PBXSourcesBuildPhase;
			buildActionMask = 2147483647;
			files = (
				4976BC392530AB1200DDB821 /* BookMyShowTests.swift in Sources */,
			);
			runOnlyForDeploymentPostprocessing = 0;
		};
/* End PBXSourcesBuildPhase section */

/* Begin PBXTargetDependency section */
		4976BC362530AB1200DDB821 /* PBXTargetDependency */ = {
			isa = PBXTargetDependency;
			target = 4976BC1D2530AB1000DDB821 /* BookMyShow */;
			targetProxy = 4976BC352530AB1200DDB821 /* PBXContainerItemProxy */;
		};
/* End PBXTargetDependency section */

/* Begin PBXVariantGroup section */
		4976BC272530AB1000DDB821 /* Main.storyboard */ = {
			isa = PBXVariantGroup;
			children = (
				4976BC282530AB1000DDB821 /* Base */,
			);
			name = Main.storyboard;
			sourceTree = "<group>";
		};
		4976BC2C2530AB1200DDB821 /* LaunchScreen.storyboard */ = {
			isa = PBXVariantGroup;
			children = (
				4976BC2D2530AB1200DDB821 /* Base */,
			);
			name = LaunchScreen.storyboard;
			sourceTree = "<group>";
		};
/* End PBXVariantGroup section */

/* Begin XCBuildConfiguration section */
		4976BC3B2530AB1200DDB821 /* Debug */ = {
			isa = XCBuildConfiguration;
			buildSettings = {
				ALWAYS_SEARCH_USER_PATHS = NO;
				CLANG_ANALYZER_NONNULL = YES;
				CLANG_ANALYZER_NUMBER_OBJECT_CONVERSION = YES_AGGRESSIVE;
				CLANG_CXX_LANGUAGE_STANDARD = "gnu++14";
				CLANG_CXX_LIBRARY = "libc++";
				CLANG_ENABLE_MODULES = YES;
				CLANG_ENABLE_OBJC_ARC = YES;
				CLANG_ENABLE_OBJC_WEAK = YES;
				CLANG_WARN_BLOCK_CAPTURE_AUTORELEASING = YES;
				CLANG_WARN_BOOL_CONVERSION = YES;
				CLANG_WARN_COMMA = YES;
				CLANG_WARN_CONSTANT_CONVERSION = YES;
				CLANG_WARN_DEPRECATED_OBJC_IMPLEMENTATIONS = YES;
				CLANG_WARN_DIRECT_OBJC_ISA_USAGE = YES_ERROR;
				CLANG_WARN_DOCUMENTATION_COMMENTS = YES;
				CLANG_WARN_EMPTY_BODY = YES;
				CLANG_WARN_ENUM_CONVERSION = YES;
				CLANG_WARN_INFINITE_RECURSION = YES;
				CLANG_WARN_INT_CONVERSION = YES;
				CLANG_WARN_NON_LITERAL_NULL_CONVERSION = YES;
				CLANG_WARN_OBJC_IMPLICIT_RETAIN_SELF = YES;
				CLANG_WARN_OBJC_LITERAL_CONVERSION = YES;
				CLANG_WARN_OBJC_ROOT_CLASS = YES_ERROR;
				CLANG_WARN_RANGE_LOOP_ANALYSIS = YES;
				CLANG_WARN_STRICT_PROTOTYPES = YES;
				CLANG_WARN_SUSPICIOUS_MOVE = YES;
				CLANG_WARN_UNGUARDED_AVAILABILITY = YES_AGGRESSIVE;
				CLANG_WARN_UNREACHABLE_CODE = YES;
				CLANG_WARN__DUPLICATE_METHOD_MATCH = YES;
				COPY_PHASE_STRIP = NO;
				DEBUG_INFORMATION_FORMAT = dwarf;
				ENABLE_STRICT_OBJC_MSGSEND = YES;
				ENABLE_TESTABILITY = YES;
				GCC_C_LANGUAGE_STANDARD = gnu11;
				GCC_DYNAMIC_NO_PIC = NO;
				GCC_NO_COMMON_BLOCKS = YES;
				GCC_OPTIMIZATION_LEVEL = 0;
				GCC_PREPROCESSOR_DEFINITIONS = (
					"DEBUG=1",
					"$(inherited)",
				);
				GCC_WARN_64_TO_32_BIT_CONVERSION = YES;
				GCC_WARN_ABOUT_RETURN_TYPE = YES_ERROR;
				GCC_WARN_UNDECLARED_SELECTOR = YES;
				GCC_WARN_UNINITIALIZED_AUTOS = YES_AGGRESSIVE;
				GCC_WARN_UNUSED_FUNCTION = YES;
				GCC_WARN_UNUSED_VARIABLE = YES;
				IPHONEOS_DEPLOYMENT_TARGET = 13.4;
				MTL_ENABLE_DEBUG_INFO = INCLUDE_SOURCE;
				MTL_FAST_MATH = YES;
				ONLY_ACTIVE_ARCH = YES;
				SDKROOT = iphoneos;
				SWIFT_ACTIVE_COMPILATION_CONDITIONS = DEBUG;
				SWIFT_OPTIMIZATION_LEVEL = "-Onone";
			};
			name = Debug;
		};
		4976BC3C2530AB1200DDB821 /* Release */ = {
			isa = XCBuildConfiguration;
			buildSettings = {
				ALWAYS_SEARCH_USER_PATHS = NO;
				CLANG_ANALYZER_NONNULL = YES;
				CLANG_ANALYZER_NUMBER_OBJECT_CONVERSION = YES_AGGRESSIVE;
				CLANG_CXX_LANGUAGE_STANDARD = "gnu++14";
				CLANG_CXX_LIBRARY = "libc++";
				CLANG_ENABLE_MODULES = YES;
				CLANG_ENABLE_OBJC_ARC = YES;
				CLANG_ENABLE_OBJC_WEAK = YES;
				CLANG_WARN_BLOCK_CAPTURE_AUTORELEASING = YES;
				CLANG_WARN_BOOL_CONVERSION = YES;
				CLANG_WARN_COMMA = YES;
				CLANG_WARN_CONSTANT_CONVERSION = YES;
				CLANG_WARN_DEPRECATED_OBJC_IMPLEMENTATIONS = YES;
				CLANG_WARN_DIRECT_OBJC_ISA_USAGE = YES_ERROR;
				CLANG_WARN_DOCUMENTATION_COMMENTS = YES;
				CLANG_WARN_EMPTY_BODY = YES;
				CLANG_WARN_ENUM_CONVERSION = YES;
				CLANG_WARN_INFINITE_RECURSION = YES;
				CLANG_WARN_INT_CONVERSION = YES;
				CLANG_WARN_NON_LITERAL_NULL_CONVERSION = YES;
				CLANG_WARN_OBJC_IMPLICIT_RETAIN_SELF = YES;
				CLANG_WARN_OBJC_LITERAL_CONVERSION = YES;
				CLANG_WARN_OBJC_ROOT_CLASS = YES_ERROR;
				CLANG_WARN_RANGE_LOOP_ANALYSIS = YES;
				CLANG_WARN_STRICT_PROTOTYPES = YES;
				CLANG_WARN_SUSPICIOUS_MOVE = YES;
				CLANG_WARN_UNGUARDED_AVAILABILITY = YES_AGGRESSIVE;
				CLANG_WARN_UNREACHABLE_CODE = YES;
				CLANG_WARN__DUPLICATE_METHOD_MATCH = YES;
				COPY_PHASE_STRIP = NO;
				DEBUG_INFORMATION_FORMAT = "dwarf-with-dsym";
				ENABLE_NS_ASSERTIONS = NO;
				ENABLE_STRICT_OBJC_MSGSEND = YES;
				GCC_C_LANGUAGE_STANDARD = gnu11;
				GCC_NO_COMMON_BLOCKS = YES;
				GCC_WARN_64_TO_32_BIT_CONVERSION = YES;
				GCC_WARN_ABOUT_RETURN_TYPE = YES_ERROR;
				GCC_WARN_UNDECLARED_SELECTOR = YES;
				GCC_WARN_UNINITIALIZED_AUTOS = YES_AGGRESSIVE;
				GCC_WARN_UNUSED_FUNCTION = YES;
				GCC_WARN_UNUSED_VARIABLE = YES;
				IPHONEOS_DEPLOYMENT_TARGET = 13.4;
				MTL_ENABLE_DEBUG_INFO = NO;
				MTL_FAST_MATH = YES;
				SDKROOT = iphoneos;
				SWIFT_COMPILATION_MODE = wholemodule;
				SWIFT_OPTIMIZATION_LEVEL = "-O";
				VALIDATE_PRODUCT = YES;
			};
			name = Release;
		};
		4976BC3E2530AB1200DDB821 /* Debug */ = {
			isa = XCBuildConfiguration;
			buildSettings = {
				ASSETCATALOG_COMPILER_APPICON_NAME = AppIcon;
				CODE_SIGN_STYLE = Automatic;
				INFOPLIST_FILE = BookMyShow/Info.plist;
				LD_RUNPATH_SEARCH_PATHS = (
					"$(inherited)",
					"@executable_path/Frameworks",
				);
				PRODUCT_BUNDLE_IDENTIFIER = com.neeraj.BookMyShow;
				PRODUCT_NAME = "$(TARGET_NAME)";
				SWIFT_VERSION = 5.0;
				TARGETED_DEVICE_FAMILY = "1,2";
			};
			name = Debug;
		};
		4976BC3F2530AB1200DDB821 /* Release */ = {
			isa = XCBuildConfiguration;
			buildSettings = {
				ASSETCATALOG_COMPILER_APPICON_NAME = AppIcon;
				CODE_SIGN_STYLE = Automatic;
				INFOPLIST_FILE = BookMyShow/Info.plist;
				LD_RUNPATH_SEARCH_PATHS = (
					"$(inherited)",
					"@executable_path/Frameworks",
				);
				PRODUCT_BUNDLE_IDENTIFIER = com.neeraj.BookMyShow;
				PRODUCT_NAME = "$(TARGET_NAME)";
				SWIFT_VERSION = 5.0;
				TARGETED_DEVICE_FAMILY = "1,2";
			};
			name = Release;
		};
		4976BC412530AB1200DDB821 /* Debug */ = {
			isa = XCBuildConfiguration;
			buildSettings = {
				ALWAYS_EMBED_SWIFT_STANDARD_LIBRARIES = YES;
				BUNDLE_LOADER = "$(TEST_HOST)";
				CODE_SIGN_STYLE = Automatic;
				INFOPLIST_FILE = BookMyShowTests/Info.plist;
				IPHONEOS_DEPLOYMENT_TARGET = 13.4;
				LD_RUNPATH_SEARCH_PATHS = (
					"$(inherited)",
					"@executable_path/Frameworks",
					"@loader_path/Frameworks",
				);
				PRODUCT_BUNDLE_IDENTIFIER = com.neeraj.BookMyShowTests;
				PRODUCT_NAME = "$(TARGET_NAME)";
				SWIFT_VERSION = 5.0;
				TARGETED_DEVICE_FAMILY = "1,2";
				TEST_HOST = "$(BUILT_PRODUCTS_DIR)/BookMyShow.app/BookMyShow";
			};
			name = Debug;
		};
		4976BC422530AB1200DDB821 /* Release */ = {
			isa = XCBuildConfiguration;
			buildSettings = {
				ALWAYS_EMBED_SWIFT_STANDARD_LIBRARIES = YES;
				BUNDLE_LOADER = "$(TEST_HOST)";
				CODE_SIGN_STYLE = Automatic;
				INFOPLIST_FILE = BookMyShowTests/Info.plist;
				IPHONEOS_DEPLOYMENT_TARGET = 13.4;
				LD_RUNPATH_SEARCH_PATHS = (
					"$(inherited)",
					"@executable_path/Frameworks",
					"@loader_path/Frameworks",
				);
				PRODUCT_BUNDLE_IDENTIFIER = com.neeraj.BookMyShowTests;
				PRODUCT_NAME = "$(TARGET_NAME)";
				SWIFT_VERSION = 5.0;
				TARGETED_DEVICE_FAMILY = "1,2";
				TEST_HOST = "$(BUILT_PRODUCTS_DIR)/BookMyShow.app/BookMyShow";
			};
			name = Release;
		};
/* End XCBuildConfiguration section */

/* Begin XCConfigurationList section */
		4976BC192530AB1000DDB821 /* Build configuration list for PBXProject "BookMyShow" */ = {
			isa = XCConfigurationList;
			buildConfigurations = (
				4976BC3B2530AB1200DDB821 /* Debug */,
				4976BC3C2530AB1200DDB821 /* Release */,
			);
			defaultConfigurationIsVisible = 0;
			defaultConfigurationName = Release;
		};
		4976BC3D2530AB1200DDB821 /* Build configuration list for PBXNativeTarget "BookMyShow" */ = {
			isa = XCConfigurationList;
			buildConfigurations = (
				4976BC3E2530AB1200DDB821 /* Debug */,
				4976BC3F2530AB1200DDB821 /* Release */,
			);
			defaultConfigurationIsVisible = 0;
			defaultConfigurationName = Release;
		};
		4976BC402530AB1200DDB821 /* Build configuration list for PBXNativeTarget "BookMyShowTests" */ = {
			isa = XCConfigurationList;
			buildConfigurations = (
				4976BC412530AB1200DDB821 /* Debug */,
				4976BC422530AB1200DDB821 /* Release */,
			);
			defaultConfigurationIsVisible = 0;
			defaultConfigurationName = Release;
		};
/* End XCConfigurationList section */
	};
	rootObject = 4976BC162530AB1000DDB821 /* Project object */;
}
